
Microsoft Visual Studio Solution File, Format Version 12.00
# Visual Studio Version 17
VisualStudioVersion = 17.5.33530.505
MinimumVisualStudioVersion = 10.0.40219.1
Project("{FAE04EC0-301F-11D3-BF4B-00C04F79EFBC}") = "webApi", "webApi\webApi.csproj", "{BC90F413-0822-4683-B6C2-B4678F9AA93B}"
EndProject
Global
	GlobalSection(SolutionConfigurationPlatforms) = preSolution
		Debug|Any CPU = Debug|Any CPU
		Release|Any CPU = Release|Any CPU
	EndGlobalSection
	GlobalSection(ProjectConfigurationPlatforms) = postSolution
		{BC90F413-0822-4683-B6C2-B4678F9AA93B}.Debug|Any CPU.ActiveCfg = Debug|Any CPU
		{BC90F413-0822-4683-B6C2-B4678F9AA93B}.Debug|Any CPU.Build.0 = Debug|Any CPU
		{BC90F413-0822-4683-B6C2-B4678F9AA93B}.Release|Any CPU.ActiveCfg = Release|Any CPU
		{BC90F413-0822-4683-B6C2-B4678F9AA93B}.Release|Any CPU.Build.0 = Release|Any CPU
	EndGlobalSection
	GlobalSection(SolutionProperties) = preSolution
		HideSolutionNode = FALSE
	EndGlobalSection
	GlobalSection(ExtensibilityGlobals) = postSolution
		SolutionGuid = {82523277-E8F0-4E78-A7DB-EA640A28972C}
	EndGlobalSection
EndGlobal
